// !$*UTF8*$!
{
	archiveVersion = 1;
	classes = {
	};
	objectVersion = 46;
	objects = {

/* Begin PBXBuildFile section */
		256AC3DA0F4B6AC300CF3369 /* SwitcherPanelAppDelegate.mm in Sources */ = {isa = PBXBuildFile; fileRef = 256AC3D90F4B6AC300CF3369 /* SwitcherPanelAppDelegate.mm */; };
		512833E52566CC5F004E2C24 /* user_defaults.plist in Resources */ = {isa = PBXBuildFile; fileRef = 512833E42566CC5F004E2C24 /* user_defaults.plist */; };
		51308CA62536477800A568D9 /* Credits.html in Resources */ = {isa = PBXBuildFile; fileRef = 51308CA52536477800A568D9 /* Credits.html */; };
		513E49392516651C00299FDC /* MainMenu.xib in Resources */ = {isa = PBXBuildFile; fileRef = 513E49352516651C00299FDC /* MainMenu.xib */; };
		513E493A2516651C00299FDC /* InfoPlist.strings in Resources */ = {isa = PBXBuildFile; fileRef = 513E49372516651C00299FDC /* InfoPlist.strings */; };
		513E49542516816300299FDC /* CTNetUtilities.m in Sources */ = {isa = PBXBuildFile; fileRef = 513E494A2516816300299FDC /* CTNetUtilities.m */; };
		513E49552516816300299FDC /* LXOSCInterface.m in Sources */ = {isa = PBXBuildFile; fileRef = 513E494B2516816300299FDC /* LXOSCInterface.m */; };
		513E49562516816300299FDC /* LXOSCMessage.m in Sources */ = {isa = PBXBuildFile; fileRef = 513E49512516816300299FDC /* LXOSCMessage.m */; };
		513E49572516816300299FDC /* LXOSCArgument.m in Sources */ = {isa = PBXBuildFile; fileRef = 513E49522516816300299FDC /* LXOSCArgument.m */; };
		513E49582516816300299FDC /* LXOSCTCPInterface.m in Sources */ = {isa = PBXBuildFile; fileRef = 513E49532516816300299FDC /* LXOSCTCPInterface.m */; };
		51771D0F251A783700C673CF /* interface.strings in Resources */ = {isa = PBXBuildFile; fileRef = 51771D0E251A783700C673CF /* interface.strings */; };
		51771D14251A892D00C673CF /* SwitcherPanelAppDelegate_OSC_Additions.mm in Sources */ = {isa = PBXBuildFile; fileRef = 51771D13251A892D00C673CF /* SwitcherPanelAppDelegate_OSC_Additions.mm */; };
		51A1797A25D397000084FD86 /* Images.xcassets in Resources */ = {isa = PBXBuildFile; fileRef = 51A1797925D397000084FD86 /* Images.xcassets */; };
		51E72BC4251BC03600F8C943 /* CallbackMonitors.mm in Sources */ = {isa = PBXBuildFile; fileRef = 51E72BC3251BC03600F8C943 /* CallbackMonitors.mm */; };
		8D11072D0486CEB800E47090 /* main.m in Sources */ = {isa = PBXBuildFile; fileRef = 29B97316FDCFA39411CA2CEA /* main.m */; settings = {ATTRIBUTES = (); }; };
		8D11072F0486CEB800E47090 /* Cocoa.framework in Frameworks */ = {isa = PBXBuildFile; fileRef = 1058C7A1FEA54F0111CA2CBB /* Cocoa.framework */; };
		97C373021488610E0019D5E9 /* BMDSwitcherAPIDispatch.cpp in Sources */ = {isa = PBXBuildFile; fileRef = 97C373011488610E0019D5E9 /* BMDSwitcherAPIDispatch.cpp */; };
/* End PBXBuildFile section */

/* Begin PBXFileReference section */
		1058C7A1FEA54F0111CA2CBB /* Cocoa.framework */ = {isa = PBXFileReference; lastKnownFileType = wrapper.framework; name = Cocoa.framework; path = /System/Library/Frameworks/Cocoa.framework; sourceTree = "<absolute>"; };
		13E42FB307B3F0F600E4EEF1 /* CoreData.framework */ = {isa = PBXFileReference; lastKnownFileType = wrapper.framework; name = CoreData.framework; path = /System/Library/Frameworks/CoreData.framework; sourceTree = "<absolute>"; };
		256AC3D80F4B6AC300CF3369 /* SwitcherPanelAppDelegate.h */ = {isa = PBXFileReference; fileEncoding = 4; lastKnownFileType = sourcecode.c.h; path = SwitcherPanelAppDelegate.h; sourceTree = "<group>"; };
		256AC3D90F4B6AC300CF3369 /* SwitcherPanelAppDelegate.mm */ = {isa = PBXFileReference; fileEncoding = 4; lastKnownFileType = sourcecode.cpp.objcpp; path = SwitcherPanelAppDelegate.mm; sourceTree = "<group>"; };
		29B97316FDCFA39411CA2CEA /* main.m */ = {isa = PBXFileReference; fileEncoding = 4; lastKnownFileType = sourcecode.c.objc; path = main.m; sourceTree = "<group>"; };
		29B97324FDCFA39411CA2CEA /* AppKit.framework */ = {isa = PBXFileReference; lastKnownFileType = wrapper.framework; name = AppKit.framework; path = /System/Library/Frameworks/AppKit.framework; sourceTree = "<absolute>"; };
		29B97325FDCFA39411CA2CEA /* Foundation.framework */ = {isa = PBXFileReference; lastKnownFileType = wrapper.framework; name = Foundation.framework; path = /System/Library/Frameworks/Foundation.framework; sourceTree = "<absolute>"; };
		512833E42566CC5F004E2C24 /* user_defaults.plist */ = {isa = PBXFileReference; fileEncoding = 4; lastKnownFileType = text.plist.xml; path = user_defaults.plist; sourceTree = "<group>"; };
		51308CA52536477800A568D9 /* Credits.html */ = {isa = PBXFileReference; fileEncoding = 4; lastKnownFileType = text.html; path = Credits.html; sourceTree = "<group>"; };
		513E49362516651C00299FDC /* en */ = {isa = PBXFileReference; lastKnownFileType = file.xib; name = en; path = en.lproj/MainMenu.xib; sourceTree = "<group>"; };
		513E49382516651C00299FDC /* en */ = {isa = PBXFileReference; lastKnownFileType = text.plist.strings; name = en; path = en.lproj/InfoPlist.strings; sourceTree = "<group>"; };
		513E49482516816300299FDC /* CTNetUtilities.h */ = {isa = PBXFileReference; fileEncoding = 4; lastKnownFileType = sourcecode.c.h; name = CTNetUtilities.h; path = osc/CTNetUtilities.h; sourceTree = "<group>"; };
		513E49492516816300299FDC /* LXOSCTCPInterface.h */ = {isa = PBXFileReference; fileEncoding = 4; lastKnownFileType = sourcecode.c.h; name = LXOSCTCPInterface.h; path = osc/LXOSCTCPInterface.h; sourceTree = "<group>"; };
		513E494A2516816300299FDC /* CTNetUtilities.m */ = {isa = PBXFileReference; fileEncoding = 4; lastKnownFileType = sourcecode.c.objc; name = CTNetUtilities.m; path = osc/CTNetUtilities.m; sourceTree = "<group>"; };
		513E494B2516816300299FDC /* LXOSCInterface.m */ = {isa = PBXFileReference; fileEncoding = 4; lastKnownFileType = sourcecode.c.objc; name = LXOSCInterface.m; path = osc/LXOSCInterface.m; sourceTree = "<group>"; };
		513E494C2516816300299FDC /* LXOSCInterfaceDelegate.h */ = {isa = PBXFileReference; fileEncoding = 4; lastKnownFileType = sourcecode.c.h; name = LXOSCInterfaceDelegate.h; path = osc/LXOSCInterfaceDelegate.h; sourceTree = "<group>"; };
		513E494D2516816300299FDC /* LXOSCConstants.h */ = {isa = PBXFileReference; fileEncoding = 4; lastKnownFileType = sourcecode.c.h; name = LXOSCConstants.h; path = osc/LXOSCConstants.h; sourceTree = "<group>"; };
		513E494E2516816300299FDC /* LXOSCInterface.h */ = {isa = PBXFileReference; fileEncoding = 4; lastKnownFileType = sourcecode.c.h; name = LXOSCInterface.h; path = osc/LXOSCInterface.h; sourceTree = "<group>"; };
		513E494F2516816300299FDC /* LXOSCArgument.h */ = {isa = PBXFileReference; fileEncoding = 4; lastKnownFileType = sourcecode.c.h; name = LXOSCArgument.h; path = osc/LXOSCArgument.h; sourceTree = "<group>"; };
		513E49502516816300299FDC /* LXOSCMessage.h */ = {isa = PBXFileReference; fileEncoding = 4; lastKnownFileType = sourcecode.c.h; name = LXOSCMessage.h; path = osc/LXOSCMessage.h; sourceTree = "<group>"; };
		513E49512516816300299FDC /* LXOSCMessage.m */ = {isa = PBXFileReference; fileEncoding = 4; lastKnownFileType = sourcecode.c.objc; name = LXOSCMessage.m; path = osc/LXOSCMessage.m; sourceTree = "<group>"; };
		513E49522516816300299FDC /* LXOSCArgument.m */ = {isa = PBXFileReference; fileEncoding = 4; lastKnownFileType = sourcecode.c.objc; name = LXOSCArgument.m; path = osc/LXOSCArgument.m; sourceTree = "<group>"; };
		513E49532516816300299FDC /* LXOSCTCPInterface.m */ = {isa = PBXFileReference; fileEncoding = 4; lastKnownFileType = sourcecode.c.objc; name = LXOSCTCPInterface.m; path = osc/LXOSCTCPInterface.m; sourceTree = "<group>"; };
		51771D0E251A783700C673CF /* interface.strings */ = {isa = PBXFileReference; lastKnownFileType = text.plist.strings; path = interface.strings; sourceTree = "<group>"; };
		51771D12251A892D00C673CF /* SwitcherPanelAppDelegate_OSC_Additions.h */ = {isa = PBXFileReference; lastKnownFileType = sourcecode.c.h; path = SwitcherPanelAppDelegate_OSC_Additions.h; sourceTree = "<group>"; };
		51771D13251A892D00C673CF /* SwitcherPanelAppDelegate_OSC_Additions.mm */ = {isa = PBXFileReference; lastKnownFileType = sourcecode.cpp.objcpp; path = SwitcherPanelAppDelegate_OSC_Additions.mm; sourceTree = "<group>"; };
		51A1797925D397000084FD86 /* Images.xcassets */ = {isa = PBXFileReference; lastKnownFileType = folder.assetcatalog; name = Images.xcassets; path = SwitcherPanel/Images.xcassets; sourceTree = "<group>"; };
		51AA0D36251CE80000C747F2 /* SwitcherPanel.entitlements */ = {isa = PBXFileReference; lastKnownFileType = text.plist.entitlements; path = SwitcherPanel.entitlements; sourceTree = "<group>"; };
		51E72BC2251BC03600F8C943 /* CallbackMonitors.h */ = {isa = PBXFileReference; fileEncoding = 4; lastKnownFileType = sourcecode.c.h; path = CallbackMonitors.h; sourceTree = "<group>"; };
		51E72BC3251BC03600F8C943 /* CallbackMonitors.mm */ = {isa = PBXFileReference; fileEncoding = 4; lastKnownFileType = sourcecode.cpp.objcpp; path = CallbackMonitors.mm; sourceTree = "<group>"; };
		8D1107310486CEB800E47090 /* SwitcherPanel-Info.plist */ = {isa = PBXFileReference; fileEncoding = 4; lastKnownFileType = text.plist.xml; path = "SwitcherPanel-Info.plist"; sourceTree = "<group>"; };
		8D1107320486CEB800E47090 /* SwitcherPanel.app */ = {isa = PBXFileReference; explicitFileType = wrapper.application; includeInIndex = 0; path = SwitcherPanel.app; sourceTree = BUILT_PRODUCTS_DIR; };
		97C373001488610E0019D5E9 /* BMDSwitcherAPI.h */ = {isa = PBXFileReference; fileEncoding = 4; lastKnownFileType = sourcecode.c.h; name = BMDSwitcherAPI.h; path = ../../include/BMDSwitcherAPI.h; sourceTree = SOURCE_ROOT; };
		97C373011488610E0019D5E9 /* BMDSwitcherAPIDispatch.cpp */ = {isa = PBXFileReference; fileEncoding = 4; lastKnownFileType = sourcecode.cpp.cpp; name = BMDSwitcherAPIDispatch.cpp; path = ../../include/BMDSwitcherAPIDispatch.cpp; sourceTree = SOURCE_ROOT; };
/* End PBXFileReference section */

/* Begin PBXFrameworksBuildPhase section */
		8D11072E0486CEB800E47090 /* Frameworks */ = {
			isa = PBXFrameworksBuildPhase;
			buildActionMask = 2147483647;
			files = (
				8D11072F0486CEB800E47090 /* Cocoa.framework in Frameworks */,
			);
			runOnlyForDeploymentPostprocessing = 0;
		};
/* End PBXFrameworksBuildPhase section */

/* Begin PBXGroup section */
		080E96DDFE201D6D7F000001 /* Classes */ = {
			isa = PBXGroup;
			children = (
				256AC3D80F4B6AC300CF3369 /* SwitcherPanelAppDelegate.h */,
				256AC3D90F4B6AC300CF3369 /* SwitcherPanelAppDelegate.mm */,
				51771D12251A892D00C673CF /* SwitcherPanelAppDelegate_OSC_Additions.h */,
				51771D13251A892D00C673CF /* SwitcherPanelAppDelegate_OSC_Additions.mm */,
			);
			name = Classes;
			sourceTree = "<group>";
		};
		1058C7A0FEA54F0111CA2CBB /* Linked Frameworks */ = {
			isa = PBXGroup;
			children = (
				1058C7A1FEA54F0111CA2CBB /* Cocoa.framework */,
			);
			name = "Linked Frameworks";
			sourceTree = "<group>";
		};
		1058C7A2FEA54F0111CA2CBB /* Other Frameworks */ = {
			isa = PBXGroup;
			children = (
				29B97324FDCFA39411CA2CEA /* AppKit.framework */,
				13E42FB307B3F0F600E4EEF1 /* CoreData.framework */,
				29B97325FDCFA39411CA2CEA /* Foundation.framework */,
			);
			name = "Other Frameworks";
			sourceTree = "<group>";
		};
		19C28FACFE9D520D11CA2CBB /* Products */ = {
			isa = PBXGroup;
			children = (
				8D1107320486CEB800E47090 /* SwitcherPanel.app */,
			);
			name = Products;
			sourceTree = "<group>";
		};
		29B97314FDCFA39411CA2CEA /* SwitcherPanel */ = {
			isa = PBXGroup;
			children = (
				51AA0D36251CE80000C747F2 /* SwitcherPanel.entitlements */,
				080E96DDFE201D6D7F000001 /* Classes */,
				513E49252516642D00299FDC /* OSC */,
				29B97315FDCFA39411CA2CEA /* Other Sources */,
				29B97317FDCFA39411CA2CEA /* Resources */,
				19C28FACFE9D520D11CA2CBB /* Products */,
			);
			name = SwitcherPanel;
			sourceTree = "<group>";
		};
		29B97315FDCFA39411CA2CEA /* Other Sources */ = {
			isa = PBXGroup;
			children = (
				51E72BC2251BC03600F8C943 /* CallbackMonitors.h */,
				51E72BC3251BC03600F8C943 /* CallbackMonitors.mm */,
				97C373001488610E0019D5E9 /* BMDSwitcherAPI.h */,
				97C373011488610E0019D5E9 /* BMDSwitcherAPIDispatch.cpp */,
				29B97316FDCFA39411CA2CEA /* main.m */,
			);
			name = "Other Sources";
			sourceTree = "<group>";
		};
		29B97317FDCFA39411CA2CEA /* Resources */ = {
			isa = PBXGroup;
			children = (
				51A1797925D397000084FD86 /* Images.xcassets */,
				8D1107310486CEB800E47090 /* SwitcherPanel-Info.plist */,
				513E49372516651C00299FDC /* InfoPlist.strings */,
				51771D0E251A783700C673CF /* interface.strings */,
				513E49352516651C00299FDC /* MainMenu.xib */,
				51308CA52536477800A568D9 /* Credits.html */,
				512833E42566CC5F004E2C24 /* user_defaults.plist */,
				29B97323FDCFA39411CA2CEA /* Frameworks */,
			);
			name = Resources;
			sourceTree = "<group>";
		};
		29B97323FDCFA39411CA2CEA /* Frameworks */ = {
			isa = PBXGroup;
			children = (
				1058C7A0FEA54F0111CA2CBB /* Linked Frameworks */,
				1058C7A2FEA54F0111CA2CBB /* Other Frameworks */,
			);
			name = Frameworks;
			sourceTree = "<group>";
		};
		513E49252516642D00299FDC /* OSC */ = {
			isa = PBXGroup;
			children = (
				513E49482516816300299FDC /* CTNetUtilities.h */,
				513E494A2516816300299FDC /* CTNetUtilities.m */,
				513E494F2516816300299FDC /* LXOSCArgument.h */,
				513E49522516816300299FDC /* LXOSCArgument.m */,
				513E494D2516816300299FDC /* LXOSCConstants.h */,
				513E494E2516816300299FDC /* LXOSCInterface.h */,
				513E494B2516816300299FDC /* LXOSCInterface.m */,
				513E494C2516816300299FDC /* LXOSCInterfaceDelegate.h */,
				513E49502516816300299FDC /* LXOSCMessage.h */,
				513E49512516816300299FDC /* LXOSCMessage.m */,
				513E49492516816300299FDC /* LXOSCTCPInterface.h */,
				513E49532516816300299FDC /* LXOSCTCPInterface.m */,
			);
			name = OSC;
			sourceTree = "<group>";
		};
/* End PBXGroup section */

/* Begin PBXNativeTarget section */
		8D1107260486CEB800E47090 /* SwitcherPanel */ = {
			isa = PBXNativeTarget;
			buildConfigurationList = C01FCF4A08A954540054247B /* Build configuration list for PBXNativeTarget "SwitcherPanel" */;
			buildPhases = (
				8D1107290486CEB800E47090 /* Resources */,
				8D11072C0486CEB800E47090 /* Sources */,
				8D11072E0486CEB800E47090 /* Frameworks */,
			);
			buildRules = (
			);
			dependencies = (
			);
			name = SwitcherPanel;
			productInstallPath = "$(HOME)/Applications";
			productName = SwitcherPanel;
			productReference = 8D1107320486CEB800E47090 /* SwitcherPanel.app */;
			productType = "com.apple.product-type.application";
		};
/* End PBXNativeTarget section */

/* Begin PBXProject section */
		29B97313FDCFA39411CA2CEA /* Project object */ = {
			isa = PBXProject;
			attributes = {
				LastUpgradeCheck = 1220;
				TargetAttributes = {
					8D1107260486CEB800E47090 = {
						DevelopmentTeam = T95243XU48;
						ProvisioningStyle = Automatic;
					};
				};
			};
			buildConfigurationList = C01FCF4E08A954540054247B /* Build configuration list for PBXProject "SwitcherPanel" */;
			compatibilityVersion = "Xcode 3.2";
			developmentRegion = en;
			hasScannedForEncodings = 1;
			knownRegions = (
				fr,
				ja,
				de,
				en,
				Base,
			);
			mainGroup = 29B97314FDCFA39411CA2CEA /* SwitcherPanel */;
			projectDirPath = "";
			projectRoot = "";
			targets = (
				8D1107260486CEB800E47090 /* SwitcherPanel */,
			);
		};
/* End PBXProject section */

/* Begin PBXResourcesBuildPhase section */
		8D1107290486CEB800E47090 /* Resources */ = {
			isa = PBXResourcesBuildPhase;
			buildActionMask = 2147483647;
			files = (
				513E49392516651C00299FDC /* MainMenu.xib in Resources */,
				51308CA62536477800A568D9 /* Credits.html in Resources */,
				51A1797A25D397000084FD86 /* Images.xcassets in Resources */,
				512833E52566CC5F004E2C24 /* user_defaults.plist in Resources */,
				513E493A2516651C00299FDC /* InfoPlist.strings in Resources */,
				51771D0F251A783700C673CF /* interface.strings in Resources */,
			);
			runOnlyForDeploymentPostprocessing = 0;
		};
/* End PBXResourcesBuildPhase section */

/* Begin PBXSourcesBuildPhase section */
		8D11072C0486CEB800E47090 /* Sources */ = {
			isa = PBXSourcesBuildPhase;
			buildActionMask = 2147483647;
			files = (
				51771D14251A892D00C673CF /* SwitcherPanelAppDelegate_OSC_Additions.mm in Sources */,
				513E49552516816300299FDC /* LXOSCInterface.m in Sources */,
				8D11072D0486CEB800E47090 /* main.m in Sources */,
				51E72BC4251BC03600F8C943 /* CallbackMonitors.mm in Sources */,
				513E49542516816300299FDC /* CTNetUtilities.m in Sources */,
				513E49572516816300299FDC /* LXOSCArgument.m in Sources */,
				513E49562516816300299FDC /* LXOSCMessage.m in Sources */,
				256AC3DA0F4B6AC300CF3369 /* SwitcherPanelAppDelegate.mm in Sources */,
				97C373021488610E0019D5E9 /* BMDSwitcherAPIDispatch.cpp in Sources */,
				513E49582516816300299FDC /* LXOSCTCPInterface.m in Sources */,
			);
			runOnlyForDeploymentPostprocessing = 0;
		};
/* End PBXSourcesBuildPhase section */

/* Begin PBXVariantGroup section */
		513E49352516651C00299FDC /* MainMenu.xib */ = {
			isa = PBXVariantGroup;
			children = (
				513E49362516651C00299FDC /* en */,
			);
			name = MainMenu.xib;
			sourceTree = "<group>";
		};
		513E49372516651C00299FDC /* InfoPlist.strings */ = {
			isa = PBXVariantGroup;
			children = (
				513E49382516651C00299FDC /* en */,
			);
			name = InfoPlist.strings;
			sourceTree = "<group>";
		};
/* End PBXVariantGroup section */

/* Begin XCBuildConfiguration section */
		C01FCF4B08A954540054247B /* Debug */ = {
			isa = XCBuildConfiguration;
			buildSettings = {
				ALWAYS_SEARCH_USER_PATHS = NO;
				ASSETCATALOG_COMPILER_APPICON_NAME = AppIcon;
				CLANG_ENABLE_OBJC_WEAK = YES;
				CODE_SIGN_ENTITLEMENTS = SwitcherPanel.entitlements;
				CODE_SIGN_IDENTITY = "Apple Development";
				CODE_SIGN_STYLE = Automatic;
				COPY_PHASE_STRIP = NO;
				CURRENT_PROJECT_VERSION = 21D0429;
				DEVELOPMENT_TEAM = T95243XU48;
				ENABLE_HARDENED_RUNTIME = YES;
				GCC_DYNAMIC_NO_PIC = NO;
				GCC_MODEL_TUNING = G5;
				GCC_OPTIMIZATION_LEVEL = 0;
				GCC_PRECOMPILE_PREFIX_HEADER = YES;
				GCC_PREFIX_HEADER = SwitcherPanel_Prefix.pch;
				INFOPLIST_FILE = "SwitcherPanel-Info.plist";
				INSTALL_PATH = "$(HOME)/Applications";
				MACOSX_DEPLOYMENT_TARGET = 10.12;
				MARKETING_VERSION = 0.4.5;
				PRODUCT_BUNDLE_IDENTIFIER = "com.blackmagic-design.switchers.sdk.switcherpanelosc";
				PRODUCT_NAME = SwitcherPanel;
				PROVISIONING_PROFILE_SPECIFIER = "";
			};
			name = Debug;
		};
		C01FCF4C08A954540054247B /* Release */ = {
			isa = XCBuildConfiguration;
			buildSettings = {
				ALWAYS_SEARCH_USER_PATHS = NO;
				ASSETCATALOG_COMPILER_APPICON_NAME = AppIcon;
				CLANG_ENABLE_OBJC_WEAK = YES;
				CODE_SIGN_ENTITLEMENTS = SwitcherPanel.entitlements;
				CODE_SIGN_IDENTITY = "Apple Development";
				CODE_SIGN_STYLE = Automatic;
				CURRENT_PROJECT_VERSION = 21D0429;
				DEBUG_INFORMATION_FORMAT = "dwarf-with-dsym";
				DEVELOPMENT_TEAM = T95243XU48;
				ENABLE_HARDENED_RUNTIME = YES;
				GCC_MODEL_TUNING = G5;
				GCC_PRECOMPILE_PREFIX_HEADER = YES;
				GCC_PREFIX_HEADER = SwitcherPanel_Prefix.pch;
				INFOPLIST_FILE = "SwitcherPanel-Info.plist";
				INSTALL_PATH = "$(HOME)/Applications";
				MACOSX_DEPLOYMENT_TARGET = 10.12;
				MARKETING_VERSION = 0.4.5;
				PRODUCT_BUNDLE_IDENTIFIER = "com.blackmagic-design.switchers.sdk.switcherpanelosc";
				PRODUCT_NAME = SwitcherPanel;
				PROVISIONING_PROFILE_SPECIFIER = "";
			};
			name = Release;
		};
		C01FCF4F08A954540054247B /* Debug */ = {
			isa = XCBuildConfiguration;
			buildSettings = {
				CLANG_ANALYZER_LOCALIZABILITY_NONLOCALIZED = YES;
				CLANG_CXX_LANGUAGE_STANDARD = "c++0x";
				CLANG_CXX_LIBRARY = "libc++";
				CLANG_WARN_BLOCK_CAPTURE_AUTORELEASING = YES;
				CLANG_WARN_BOOL_CONVERSION = YES;
				CLANG_WARN_COMMA = YES;
				CLANG_WARN_CONSTANT_CONVERSION = YES;
				CLANG_WARN_DEPRECATED_OBJC_IMPLEMENTATIONS = YES;
				CLANG_WARN_EMPTY_BODY = YES;
				CLANG_WARN_ENUM_CONVERSION = YES;
				CLANG_WARN_INFINITE_RECURSION = YES;
				CLANG_WARN_INT_CONVERSION = YES;
				CLANG_WARN_NON_LITERAL_NULL_CONVERSION = YES;
				CLANG_WARN_OBJC_IMPLICIT_RETAIN_SELF = YES;
				CLANG_WARN_OBJC_LITERAL_CONVERSION = YES;
				CLANG_WARN_QUOTED_INCLUDE_IN_FRAMEWORK_HEADER = YES;
				CLANG_WARN_RANGE_LOOP_ANALYSIS = YES;
				CLANG_WARN_STRICT_PROTOTYPES = YES;
				CLANG_WARN_SUSPICIOUS_MOVE = YES;
				CLANG_WARN_UNREACHABLE_CODE = YES;
				CLANG_WARN__DUPLICATE_METHOD_MATCH = YES;
				ENABLE_STRICT_OBJC_MSGSEND = YES;
				ENABLE_TESTABILITY = YES;
				GCC_C_LANGUAGE_STANDARD = gnu99;
				GCC_NO_COMMON_BLOCKS = YES;
				GCC_OPTIMIZATION_LEVEL = 0;
				GCC_WARN_64_TO_32_BIT_CONVERSION = YES;
				GCC_WARN_ABOUT_RETURN_TYPE = YES;
				GCC_WARN_UNDECLARED_SELECTOR = YES;
				GCC_WARN_UNINITIALIZED_AUTOS = YES;
				GCC_WARN_UNUSED_FUNCTION = YES;
				GCC_WARN_UNUSED_VARIABLE = YES;
				MACOSX_DEPLOYMENT_TARGET = 10.12;
				ONLY_ACTIVE_ARCH = YES;
				SDKROOT = macosx;
			};
			name = Debug;
		};
		C01FCF5008A954540054247B /* Release */ = {
			isa = XCBuildConfiguration;
			buildSettings = {
				CLANG_ANALYZER_LOCALIZABILITY_NONLOCALIZED = YES;
				CLANG_CXX_LANGUAGE_STANDARD = "c++0x";
				CLANG_CXX_LIBRARY = "libc++";
				CLANG_WARN_BLOCK_CAPTURE_AUTORELEASING = YES;
				CLANG_WARN_BOOL_CONVERSION = YES;
				CLANG_WARN_COMMA = YES;
				CLANG_WARN_CONSTANT_CONVERSION = YES;
				CLANG_WARN_DEPRECATED_OBJC_IMPLEMENTATIONS = YES;
				CLANG_WARN_EMPTY_BODY = YES;
				CLANG_WARN_ENUM_CONVERSION = YES;
				CLANG_WARN_INFINITE_RECURSION = YES;
				CLANG_WARN_INT_CONVERSION = YES;
				CLANG_WARN_NON_LITERAL_NULL_CONVERSION = YES;
				CLANG_WARN_OBJC_IMPLICIT_RETAIN_SELF = YES;
				CLANG_WARN_OBJC_LITERAL_CONVERSION = YES;
				CLANG_WARN_QUOTED_INCLUDE_IN_FRAMEWORK_HEADER = YES;
				CLANG_WARN_RANGE_LOOP_ANALYSIS = YES;
				CLANG_WARN_STRICT_PROTOTYPES = YES;
				CLANG_WARN_SUSPICIOUS_MOVE = YES;
				CLANG_WARN_UNREACHABLE_CODE = YES;
				CLANG_WARN__DUPLICATE_METHOD_MATCH = YES;
				ENABLE_STRICT_OBJC_MSGSEND = YES;
				GCC_C_LANGUAGE_STANDARD = gnu99;
				GCC_NO_COMMON_BLOCKS = YES;
				GCC_WARN_64_TO_32_BIT_CONVERSION = YES;
				GCC_WARN_ABOUT_RETURN_TYPE = YES;
				GCC_WARN_UNDECLARED_SELECTOR = YES;
				GCC_WARN_UNINITIALIZED_AUTOS = YES;
				GCC_WARN_UNUSED_FUNCTION = YES;
				GCC_WARN_UNUSED_VARIABLE = YES;
				MACOSX_DEPLOYMENT_TARGET = 10.12;
				SDKROOT = macosx;
			};
			name = Release;
		};
/* End XCBuildConfiguration section */

/* Begin XCConfigurationList section */
		C01FCF4A08A954540054247B /* Build configuration list for PBXNativeTarget "SwitcherPanel" */ = {
			isa = XCConfigurationList;
			buildConfigurations = (
				C01FCF4B08A954540054247B /* Debug */,
				C01FCF4C08A954540054247B /* Release */,
			);
			defaultConfigurationIsVisible = 0;
			defaultConfigurationName = Release;
		};
		C01FCF4E08A954540054247B /* Build configuration list for PBXProject "SwitcherPanel" */ = {
			isa = XCConfigurationList;
			buildConfigurations = (
				C01FCF4F08A954540054247B /* Debug */,
				C01FCF5008A954540054247B /* Release */,
			);
			defaultConfigurationIsVisible = 0;
			defaultConfigurationName = Release;
		};
/* End XCConfigurationList section */
	};
	rootObject = 29B97313FDCFA39411CA2CEA /* Project object */;
}
